<?xml version="1.0" encoding="utf-8"?>
<Project ToolsVersion="4.0" xmlns="http://schemas.microsoft.com/developer/msbuild/2003">
  <ItemGroup>
    <Filter Include="Source Files">
      <UniqueIdentifier>{4FC737F1-C7A5-4376-A066-2A32D752A2FF}</UniqueIdentifier>
      <Extensions>cpp;c;cc;cxx;def;odl;idl;hpj;bat;asm;asmx</Extensions>
    </Filter>
    <Filter Include="Header Files">
      <UniqueIdentifier>{93995380-89BD-4b04-88EB-625FBE52EBFB}</UniqueIdentifier>
      <Extensions>h;hpp;hxx;hm;inl;inc;xsd</Extensions>
    </Filter>
    <Filter Include="Resource Files">
      <UniqueIdentifier>{67DA6AB6-F800-4c08-8B7A-83BB121AAD01}</UniqueIdentifier>
      <Extensions>rc;ico;cur;bmp;dlg;rc2;rct;bin;rgs;gif;jpg;jpeg;jpe;resx;tiff;tif;png;wav;mfcribbon-ms</Extensions>
    </Filter>
  </ItemGroup>
  <ItemGroup>
    <ClCompile Include="driver\x64\callbacks.c">
      <Filter>Source Files</Filter>
    </ClCompile>
    <ClCompile Include="driver\x64\comm.c">
      <Filter>Source Files</Filter>
    </ClCompile>
    <ClCompile Include="driver\x64\hook.c">
      <Filter>Source Files</Filter>
    </ClCompile>
    <ClCompile Include="driver\x64\main.c">
      <Filter>Source Files</Filter>
    </ClCompile>
    <ClCompile Include="driver\x64\monitor.c">
      <Filter>Source Files</Filter>
    </ClCompile>
    <ClCompile Include="driver\x64\reg.c">
      <Filter>Source Files</Filter>
    </ClCompile>
    <ClCompile Include="driver\x64\utils.c">
      <Filter>Source Files</Filter>
    </ClCompile>
    <ClCompile Include="driver\module.c">
      <Filter>Source Files</Filter>
    </ClCompile>
    <ClCompile Include="driver\page_dump.c">
      <Filter>Source Files</Filter>
    </ClCompile>
    <ClCompile Include="driver\query_information.c">
      <Filter>Source Files</Filter>
    </ClCompile>
  </ItemGroup>
  <ItemGroup>
    <ClInclude Include="driver\x64\callbacks.h">
      <Filter>Header Files</Filter>
    </ClInclude>
    <ClInclude Include="driver\x64\comm.h">
      <Filter>Header Files</Filter>
    </ClInclude>
    <ClInclude Include="driver\x64\hook.h">
      <Filter>Header Files</Filter>
    </ClInclude>
    <ClInclude Include="driver\x64\main.h">
      <Filter>Header Files</Filter>
    </ClInclude>
    <ClInclude Include="driver\x64\monitor.h">
      <Filter>Header Files</Filter>
    </ClInclude>
    <ClInclude Include="driver\x64\reg.h">
      <Filter>Header Files</Filter>
    </ClInclude>
    <ClInclude Include="driver\x64\utils.h">
      <Filter>Header Files</Filter>
    </ClInclude>
    <ClInclude Include="driver\module.h">
      <Filter>Header Files</Filter>
    </ClInclude>
    <ClInclude Include="driver\page_dump.h">
      <Filter>Header Files</Filter>
    </ClInclude>
    <ClInclude Include="driver\query_information.h">
      <Filter>Header Files</Filter>
    </ClInclude>
  </ItemGroup>
</Project>